
Microsoft Visual Studio Solution File, Format Version 12.00
# Visual Studio Version 16
VisualStudioVersion = 16.0.30002.166
MinimumVisualStudioVersion = 10.0.40219.1
Project("{FAE04EC0-301F-11D3-BF4B-00C04F79EFBC}") = "webBuoi8", "webBuoi8\webBuoi8.csproj", "{B0C3DCAE-9F2E-49FE-825C-C63191AF008C}"
EndProject
Global
	GlobalSection(SolutionConfigurationPlatforms) = preSolution
		Debug|Any CPU = Debug|Any CPU
		Release|Any CPU = Release|Any CPU
	EndGlobalSection
	GlobalSection(ProjectConfigurationPlatforms) = postSolution
		{B0C3DCAE-9F2E-49FE-825C-C63191AF008C}.Debug|Any CPU.ActiveCfg = Debug|Any CPU
		{B0C3DCAE-9F2E-49FE-825C-C63191AF008C}.Debug|Any CPU.Build.0 = Debug|Any CPU
		{B0C3DCAE-9F2E-49FE-825C-C63191AF008C}.Release|Any CPU.ActiveCfg = Release|Any CPU
		{B0C3DCAE-9F2E-49FE-825C-C63191AF008C}.Release|Any CPU.Build.0 = Release|Any CPU
	EndGlobalSection
	GlobalSection(SolutionProperties) = preSolution
		HideSolutionNode = FALSE
	EndGlobalSection
	GlobalSection(ExtensibilityGlobals) = postSolution
		SolutionGuid = {FA5095EE-86ED-4C8C-B845-8FDBAEF5B588}
	EndGlobalSection
EndGlobal
