
Microsoft Visual Studio Solution File, Format Version 12.00
# Visual Studio Version 16
VisualStudioVersion = 16.0.30128.74
MinimumVisualStudioVersion = 10.0.40219.1
Project("{FAE04EC0-301F-11D3-BF4B-00C04F79EFBC}") = "buoi8", "buoi8\buoi8.csproj", "{AC2A43F1-2EAF-4166-AB9C-C2F2033A5AD7}"
EndProject
Global
	GlobalSection(SolutionConfigurationPlatforms) = preSolution
		Debug|Any CPU = Debug|Any CPU
		Release|Any CPU = Release|Any CPU
	EndGlobalSection
	GlobalSection(ProjectConfigurationPlatforms) = postSolution
		{AC2A43F1-2EAF-4166-AB9C-C2F2033A5AD7}.Debug|Any CPU.ActiveCfg = Debug|Any CPU
		{AC2A43F1-2EAF-4166-AB9C-C2F2033A5AD7}.Debug|Any CPU.Build.0 = Debug|Any CPU
		{AC2A43F1-2EAF-4166-AB9C-C2F2033A5AD7}.Release|Any CPU.ActiveCfg = Release|Any CPU
		{AC2A43F1-2EAF-4166-AB9C-C2F2033A5AD7}.Release|Any CPU.Build.0 = Release|Any CPU
	EndGlobalSection
	GlobalSection(SolutionProperties) = preSolution
		HideSolutionNode = FALSE
	EndGlobalSection
	GlobalSection(ExtensibilityGlobals) = postSolution
		SolutionGuid = {D6FB982E-B538-4C38-ABCF-BEB5F68C5ABE}
	EndGlobalSection
EndGlobal
